
Microsoft Visual Studio Solution File, Format Version 12.00
# Visual Studio Version 17
VisualStudioVersion = 17.4.33110.190
MinimumVisualStudioVersion = 10.0.40219.1
Project("{9A19103F-16F7-4668-BE54-9A1E7A4F7556}") = "ToyboxImageConverter", "ToyboxImageConverter\ToyboxImageConverter.csproj", "{7E8E92FB-A587-4E04-A10F-7AF209EAACF6}"
EndProject
Project("{9A19103F-16F7-4668-BE54-9A1E7A4F7556}") = "ToyboxImageConverter.Tests", "ToyboxImageConverter.Tests\ToyboxImageConverter.Tests.csproj", "{7E3CF16A-EA42-4CCE-8897-BD6BAEB4DDD1}"
EndProject
Global
	GlobalSection(SolutionConfigurationPlatforms) = preSolution
		Debug|ARM64 = Debug|ARM64
		Debug|x64 = Debug|x64
		Release|ARM64 = Release|ARM64
		Release|x64 = Release|x64
	EndGlobalSection
	GlobalSection(ProjectConfigurationPlatforms) = postSolution
		{7E8E92FB-A587-4E04-A10F-7AF209EAACF6}.Debug|ARM64.ActiveCfg = Debug|ARM64
		{7E8E92FB-A587-4E04-A10F-7AF209EAACF6}.Debug|ARM64.Build.0 = Debug|ARM64
		{7E8E92FB-A587-4E04-A10F-7AF209EAACF6}.Debug|x64.ActiveCfg = Debug|x64
		{7E8E92FB-A587-4E04-A10F-7AF209EAACF6}.Debug|x64.Build.0 = Debug|x64
		{7E8E92FB-A587-4E04-A10F-7AF209EAACF6}.Release|ARM64.ActiveCfg = Release|ARM64
		{7E8E92FB-A587-4E04-A10F-7AF209EAACF6}.Release|ARM64.Build.0 = Release|ARM64
		{7E8E92FB-A587-4E04-A10F-7AF209EAACF6}.Release|x64.ActiveCfg = Release|x64
		{7E8E92FB-A587-4E04-A10F-7AF209EAACF6}.Release|x64.Build.0 = Release|x64
		{7E3CF16A-EA42-4CCE-8897-BD6BAEB4DDD1}.Debug|ARM64.ActiveCfg = Debug|ARM64
		{7E3CF16A-EA42-4CCE-8897-BD6BAEB4DDD1}.Debug|ARM64.Build.0 = Debug|ARM64
		{7E3CF16A-EA42-4CCE-8897-BD6BAEB4DDD1}.Debug|x64.ActiveCfg = Debug|x64
		{7E3CF16A-EA42-4CCE-8897-BD6BAEB4DDD1}.Debug|x64.Build.0 = Debug|x64
		{7E3CF16A-EA42-4CCE-8897-BD6BAEB4DDD1}.Release|ARM64.ActiveCfg = Release|ARM64
		{7E3CF16A-EA42-4CCE-8897-BD6BAEB4DDD1}.Release|ARM64.Build.0 = Release|ARM64
		{7E3CF16A-EA42-4CCE-8897-BD6BAEB4DDD1}.Release|x64.ActiveCfg = Release|x64
		{7E3CF16A-EA42-4CCE-8897-BD6BAEB4DDD1}.Release|x64.Build.0 = Release|x64
	EndGlobalSection
	GlobalSection(SolutionProperties) = preSolution
		HideSolutionNode = FALSE
	EndGlobalSection
	GlobalSection(ExtensibilityGlobals) = postSolution
		SolutionGuid = {8FA9E4EE-7ED7-476E-8931-1F7FC1BF3719}
	EndGlobalSection
EndGlobal
